
Microsoft Visual Studio Solution File, Format Version 12.00
# Visual Studio Version 17
VisualStudioVersion = 17.13.35825.156 d17.13
MinimumVisualStudioVersion = 10.0.40219.1
Project("{FAE04EC0-301F-11D3-BF4B-00C04F79EFBC}") = "WinFormsApp1", "WinFormsApp1\WinFormsApp1.csproj", "{FCC3C487-F784-4471-8A09-C573EDD8F2DE}"
EndProject
Global
	GlobalSection(SolutionConfigurationPlatforms) = preSolution
		Debug|Any CPU = Debug|Any CPU
		Release|Any CPU = Release|Any CPU
	EndGlobalSection
	GlobalSection(ProjectConfigurationPlatforms) = postSolution
		{FCC3C487-F784-4471-8A09-C573EDD8F2DE}.Debug|Any CPU.ActiveCfg = Debug|Any CPU
		{FCC3C487-F784-4471-8A09-C573EDD8F2DE}.Debug|Any CPU.Build.0 = Debug|Any CPU
		{FCC3C487-F784-4471-8A09-C573EDD8F2DE}.Release|Any CPU.ActiveCfg = Release|Any CPU
		{FCC3C487-F784-4471-8A09-C573EDD8F2DE}.Release|Any CPU.Build.0 = Release|Any CPU
	EndGlobalSection
	GlobalSection(SolutionProperties) = preSolution
		HideSolutionNode = FALSE
	EndGlobalSection
	GlobalSection(ExtensibilityGlobals) = postSolution
		SolutionGuid = {13A3AB1D-24F9-4C8A-81A6-08F21042C7AA}
	EndGlobalSection
EndGlobal
